
Microsoft Visual Studio Solution File, Format Version 12.00
# Visual Studio Version 17
VisualStudioVersion = 17.9.34723.18
MinimumVisualStudioVersion = 10.0.40219.1
Project("{FAE04EC0-301F-11D3-BF4B-00C04F79EFBC}") = "Unit3Winform", "Unit3Winform\Unit3Winform.csproj", "{1595FA83-8F49-474D-9C6B-BFF5C516C044}"
EndProject
Global
	GlobalSection(SolutionConfigurationPlatforms) = preSolution
		Debug|Any CPU = Debug|Any CPU
		Release|Any CPU = Release|Any CPU
	EndGlobalSection
	GlobalSection(ProjectConfigurationPlatforms) = postSolution
		{1595FA83-8F49-474D-9C6B-BFF5C516C044}.Debug|Any CPU.ActiveCfg = Debug|Any CPU
		{1595FA83-8F49-474D-9C6B-BFF5C516C044}.Debug|Any CPU.Build.0 = Debug|Any CPU
		{1595FA83-8F49-474D-9C6B-BFF5C516C044}.Release|Any CPU.ActiveCfg = Release|Any CPU
		{1595FA83-8F49-474D-9C6B-BFF5C516C044}.Release|Any CPU.Build.0 = Release|Any CPU
	EndGlobalSection
	GlobalSection(SolutionProperties) = preSolution
		HideSolutionNode = FALSE
	EndGlobalSection
	GlobalSection(ExtensibilityGlobals) = postSolution
		SolutionGuid = {96045CB3-EA2C-44F1-BC98-84654546F42E}
	EndGlobalSection
EndGlobal
